
Microsoft Visual Studio Solution File, Format Version 12.00
# Visual Studio 2013
VisualStudioVersion = 12.0.31101.0
MinimumVisualStudioVersion = 10.0.40219.1
Project("{F2A71F9B-5D33-465A-A702-920D77279786}") = "Kotornica", "Kotornica\Kotornica.fsproj", "{D9EA36B9-7864-4907-991D-5D6D36908899}"
EndProject
Global
	GlobalSection(SolutionConfigurationPlatforms) = preSolution
		Debug|Any CPU = Debug|Any CPU
		Release|Any CPU = Release|Any CPU
	EndGlobalSection
	GlobalSection(ProjectConfigurationPlatforms) = postSolution
		{D9EA36B9-7864-4907-991D-5D6D36908899}.Debug|Any CPU.ActiveCfg = Debug|Any CPU
		{D9EA36B9-7864-4907-991D-5D6D36908899}.Debug|Any CPU.Build.0 = Debug|Any CPU
		{D9EA36B9-7864-4907-991D-5D6D36908899}.Release|Any CPU.ActiveCfg = Release|Any CPU
		{D9EA36B9-7864-4907-991D-5D6D36908899}.Release|Any CPU.Build.0 = Release|Any CPU
	EndGlobalSection
	GlobalSection(SolutionProperties) = preSolution
		HideSolutionNode = FALSE
	EndGlobalSection
EndGlobal
